
Microsoft Visual Studio Solution File, Format Version 12.00
# Visual Studio 15
VisualStudioVersion = 15.0.26430.14
MinimumVisualStudioVersion = 10.0.40219.1
Project("{FAE04EC0-301F-11D3-BF4B-00C04F79EFBC}") = "01. Define a Class Person", "01. Define a Class Person\01. Define a Class Person.csproj", "{D216BB88-8DE7-42A6-AFBA-128E47BB4809}"
EndProject
Project("{FAE04EC0-301F-11D3-BF4B-00C04F79EFBC}") = "02. Creating Constructors", "02. Creating Constructors\02. Creating Constructors.csproj", "{CE5DA56B-BFD8-43F1-8578-7BC517AAF6C3}"
EndProject
Project("{FAE04EC0-301F-11D3-BF4B-00C04F79EFBC}") = "03.Oldest Family Member", "03.Oldest Family Member\03.Oldest Family Member.csproj", "{34B80844-1FBA-4ABC-8C36-ADF3023C714A}"
EndProject
Project("{FAE04EC0-301F-11D3-BF4B-00C04F79EFBC}") = "06. Company Roster", "06. Company Roster\06. Company Roster.csproj", "{6397EA64-6CF0-4709-89FD-D714F5150280}"
EndProject
Project("{FAE04EC0-301F-11D3-BF4B-00C04F79EFBC}") = "04.OpinionPoll", "04.OpinionPoll\04.OpinionPoll.csproj", "{A9FDA2FD-2498-494D-8C87-3CB5BE232EAE}"
EndProject
Project("{FAE04EC0-301F-11D3-BF4B-00C04F79EFBC}") = "05.DateModifier", "05.DateModifier\05.DateModifier.csproj", "{6D1888AF-F131-4A94-8313-8F9F165983F9}"
EndProject
Project("{FAE04EC0-301F-11D3-BF4B-00C04F79EFBC}") = "07.SpeedRacing", "07.SpeedRacing\07.SpeedRacing.csproj", "{0FC5A0A1-8A27-476A-8B72-D7B28E3A2A79}"
EndProject
Project("{FAE04EC0-301F-11D3-BF4B-00C04F79EFBC}") = "08.RawData", "08.RawData\08.RawData.csproj", "{185820FB-A61F-4230-98F2-CD310A4D2C5C}"
EndProject
Project("{FAE04EC0-301F-11D3-BF4B-00C04F79EFBC}") = "09.Rectangle Intersection", "09.Rectangle Intersection\09.Rectangle Intersection.csproj", "{B74C3FDC-FF44-4A28-A24C-20AF746195B3}"
EndProject
Project("{FAE04EC0-301F-11D3-BF4B-00C04F79EFBC}") = "10. Car Salesman", "10. Car Salesman\10. Car Salesman.csproj", "{70C35CA8-124F-402D-B685-DFE9578205A6}"
EndProject
Global
	GlobalSection(SolutionConfigurationPlatforms) = preSolution
		Debug|Any CPU = Debug|Any CPU
		Release|Any CPU = Release|Any CPU
	EndGlobalSection
	GlobalSection(ProjectConfigurationPlatforms) = postSolution
		{D216BB88-8DE7-42A6-AFBA-128E47BB4809}.Debug|Any CPU.ActiveCfg = Debug|Any CPU
		{D216BB88-8DE7-42A6-AFBA-128E47BB4809}.Debug|Any CPU.Build.0 = Debug|Any CPU
		{D216BB88-8DE7-42A6-AFBA-128E47BB4809}.Release|Any CPU.ActiveCfg = Release|Any CPU
		{D216BB88-8DE7-42A6-AFBA-128E47BB4809}.Release|Any CPU.Build.0 = Release|Any CPU
		{CE5DA56B-BFD8-43F1-8578-7BC517AAF6C3}.Debug|Any CPU.ActiveCfg = Debug|Any CPU
		{CE5DA56B-BFD8-43F1-8578-7BC517AAF6C3}.Debug|Any CPU.Build.0 = Debug|Any CPU
		{CE5DA56B-BFD8-43F1-8578-7BC517AAF6C3}.Release|Any CPU.ActiveCfg = Release|Any CPU
		{CE5DA56B-BFD8-43F1-8578-7BC517AAF6C3}.Release|Any CPU.Build.0 = Release|Any CPU
		{34B80844-1FBA-4ABC-8C36-ADF3023C714A}.Debug|Any CPU.ActiveCfg = Debug|Any CPU
		{34B80844-1FBA-4ABC-8C36-ADF3023C714A}.Debug|Any CPU.Build.0 = Debug|Any CPU
		{34B80844-1FBA-4ABC-8C36-ADF3023C714A}.Release|Any CPU.ActiveCfg = Release|Any CPU
		{34B80844-1FBA-4ABC-8C36-ADF3023C714A}.Release|Any CPU.Build.0 = Release|Any CPU
		{6397EA64-6CF0-4709-89FD-D714F5150280}.Debug|Any CPU.ActiveCfg = Debug|Any CPU
		{6397EA64-6CF0-4709-89FD-D714F5150280}.Debug|Any CPU.Build.0 = Debug|Any CPU
		{6397EA64-6CF0-4709-89FD-D714F5150280}.Release|Any CPU.ActiveCfg = Release|Any CPU
		{6397EA64-6CF0-4709-89FD-D714F5150280}.Release|Any CPU.Build.0 = Release|Any CPU
		{A9FDA2FD-2498-494D-8C87-3CB5BE232EAE}.Debug|Any CPU.ActiveCfg = Debug|Any CPU
		{A9FDA2FD-2498-494D-8C87-3CB5BE232EAE}.Debug|Any CPU.Build.0 = Debug|Any CPU
		{A9FDA2FD-2498-494D-8C87-3CB5BE232EAE}.Release|Any CPU.ActiveCfg = Release|Any CPU
		{A9FDA2FD-2498-494D-8C87-3CB5BE232EAE}.Release|Any CPU.Build.0 = Release|Any CPU
		{6D1888AF-F131-4A94-8313-8F9F165983F9}.Debug|Any CPU.ActiveCfg = Debug|Any CPU
		{6D1888AF-F131-4A94-8313-8F9F165983F9}.Debug|Any CPU.Build.0 = Debug|Any CPU
		{6D1888AF-F131-4A94-8313-8F9F165983F9}.Release|Any CPU.ActiveCfg = Release|Any CPU
		{6D1888AF-F131-4A94-8313-8F9F165983F9}.Release|Any CPU.Build.0 = Release|Any CPU
		{0FC5A0A1-8A27-476A-8B72-D7B28E3A2A79}.Debug|Any CPU.ActiveCfg = Debug|Any CPU
		{0FC5A0A1-8A27-476A-8B72-D7B28E3A2A79}.Debug|Any CPU.Build.0 = Debug|Any CPU
		{0FC5A0A1-8A27-476A-8B72-D7B28E3A2A79}.Release|Any CPU.ActiveCfg = Release|Any CPU
		{0FC5A0A1-8A27-476A-8B72-D7B28E3A2A79}.Release|Any CPU.Build.0 = Release|Any CPU
		{185820FB-A61F-4230-98F2-CD310A4D2C5C}.Debug|Any CPU.ActiveCfg = Debug|Any CPU
		{185820FB-A61F-4230-98F2-CD310A4D2C5C}.Debug|Any CPU.Build.0 = Debug|Any CPU
		{185820FB-A61F-4230-98F2-CD310A4D2C5C}.Release|Any CPU.ActiveCfg = Release|Any CPU
		{185820FB-A61F-4230-98F2-CD310A4D2C5C}.Release|Any CPU.Build.0 = Release|Any CPU
		{B74C3FDC-FF44-4A28-A24C-20AF746195B3}.Debug|Any CPU.ActiveCfg = Debug|Any CPU
		{B74C3FDC-FF44-4A28-A24C-20AF746195B3}.Debug|Any CPU.Build.0 = Debug|Any CPU
		{B74C3FDC-FF44-4A28-A24C-20AF746195B3}.Release|Any CPU.ActiveCfg = Release|Any CPU
		{B74C3FDC-FF44-4A28-A24C-20AF746195B3}.Release|Any CPU.Build.0 = Release|Any CPU
		{70C35CA8-124F-402D-B685-DFE9578205A6}.Debug|Any CPU.ActiveCfg = Debug|Any CPU
		{70C35CA8-124F-402D-B685-DFE9578205A6}.Debug|Any CPU.Build.0 = Debug|Any CPU
		{70C35CA8-124F-402D-B685-DFE9578205A6}.Release|Any CPU.ActiveCfg = Release|Any CPU
		{70C35CA8-124F-402D-B685-DFE9578205A6}.Release|Any CPU.Build.0 = Release|Any CPU
	EndGlobalSection
	GlobalSection(SolutionProperties) = preSolution
		HideSolutionNode = FALSE
	EndGlobalSection
EndGlobal
